
Microsoft Visual Studio Solution File, Format Version 12.00
# Visual Studio Version 16
VisualStudioVersion = 16.0.31911.196
MinimumVisualStudioVersion = 10.0.40219.1
Project("{FAE04EC0-301F-11D3-BF4B-00C04F79EFBC}") = "TeknikServis", "TeknikServis\TeknikServis.csproj", "{BC2D466D-B26D-4284-8C58-23BA8413ED75}"
EndProject
Global
	GlobalSection(SolutionConfigurationPlatforms) = preSolution
		Debug|Any CPU = Debug|Any CPU
		Release|Any CPU = Release|Any CPU
	EndGlobalSection
	GlobalSection(ProjectConfigurationPlatforms) = postSolution
		{BC2D466D-B26D-4284-8C58-23BA8413ED75}.Debug|Any CPU.ActiveCfg = Debug|Any CPU
		{BC2D466D-B26D-4284-8C58-23BA8413ED75}.Debug|Any CPU.Build.0 = Debug|Any CPU
		{BC2D466D-B26D-4284-8C58-23BA8413ED75}.Release|Any CPU.ActiveCfg = Release|Any CPU
		{BC2D466D-B26D-4284-8C58-23BA8413ED75}.Release|Any CPU.Build.0 = Release|Any CPU
	EndGlobalSection
	GlobalSection(SolutionProperties) = preSolution
		HideSolutionNode = FALSE
	EndGlobalSection
	GlobalSection(ExtensibilityGlobals) = postSolution
		SolutionGuid = {F43E90D2-BE6B-468C-A1A7-A259C14DA819}
	EndGlobalSection
EndGlobal
